{
  "name": "llm",
  "lockfileVersion": 3,
  "requires": true,
  "packages": {
    "": {
      "dependencies": {
        "deno": "^2.5.1"
      }
    },
    "node_modules/@deno/darwin-arm64": {
      "version": "2.5.1",
      "resolved": "https://registry.npmmirror.com/@deno/darwin-arm64/-/darwin-arm64-2.5.1.tgz",
      "integrity": "sha512-vmAI6Bbmp3G4qw2ih/YWfU/uMJbVPNOTBv/I0FAExJMK0R+2WFXeRqWMqEnVqR6wWpOxLs8q2aEvFpetLS3YZg==",
      "cpu": [
        "arm64"
      ],
      "license": "MIT",
      "optional": true,
      "os": [
        "darwin"
      ]
    },
    "node_modules/@deno/darwin-x64": {
      "version": "2.5.1",
      "resolved": "https://registry.npmmirror.com/@deno/darwin-x64/-/darwin-x64-2.5.1.tgz",
      "integrity": "sha512-C+a9H0BrIufPMVUctB9EdLyXB6fINpQuyHaWCIlEdPEnJGFy9URU7ycJhdvh4RTV//U5FDEg4DBOTPHvY2hs2g==",
      "cpu": [
        "x64"
      ],
      "license": "MIT",
      "optional": true,
      "os": [
        "darwin"
      ]
    },
    "node_modules/@deno/linux-arm64-glibc": {
      "version": "2.5.1",
      "resolved": "https://registry.npmmirror.com/@deno/linux-arm64-glibc/-/linux-arm64-glibc-2.5.1.tgz",
      "integrity": "sha512-OuZeQfOh1S1HskMV6u74N8CSaY2JAoTh02Ev7HnZLt4RqKy1HtNt6oBSHS1Gx0ARHcJ16WAgh6YK9jM/aFZcVA==",
      "cpu": [
        "arm64"
      ],
      "license": "MIT",
      "optional": true,
      "os": [
        "linux"
      ]
    },
    "node_modules/@deno/linux-x64-glibc": {
      "version": "2.5.1",
      "resolved": "https://registry.npmmirror.com/@deno/linux-x64-glibc/-/linux-x64-glibc-2.5.1.tgz",
      "integrity": "sha512-pGzU2UsDBqTY/g4HVENiMB4NSQgDTIxBcFhdgRXh0sMqB/WNcTbtfzmvik2SRNposk0pnkkWlKj9hGffWDfsxA==",
      "cpu": [
        "x64"
      ],
      "license": "MIT",
      "optional": true,
      "os": [
        "linux"
      ]
    },
    "node_modules/@deno/win32-arm64": {
      "version": "2.5.1",
      "resolved": "https://registry.npmmirror.com/@deno/win32-arm64/-/win32-arm64-2.5.1.tgz",
      "integrity": "sha512-mHpxn2J6sU8woHQ2OKsJq5WeFtH6r//NhOZn2BOTvt7gd1V2PdnVX1t1C/iXzYtodfZHIfqevflU0mkJWW9EbA==",
      "cpu": [
        "arm64"
      ],
      "license": "MIT",
      "optional": true,
      "os": [
        "win32"
      ]
    },
    "node_modules/@deno/win32-x64": {
      "version": "2.5.1",
      "resolved": "https://registry.npmmirror.com/@deno/win32-x64/-/win32-x64-2.5.1.tgz",
      "integrity": "sha512-9QFaXjH28E0D5j5X0J09c1HTh8DRgtg99nojw6oIoyCApevOZsBYGwePzHSYkk+lsMgVSI+8XHLsLo8oJr15dg==",
      "cpu": [
        "x64"
      ],
      "license": "MIT",
      "optional": true,
      "os": [
        "win32"
      ]
    },
    "node_modules/deno": {
      "version": "2.5.1",
      "resolved": "https://registry.npmmirror.com/deno/-/deno-2.5.1.tgz",
      "integrity": "sha512-fQK5AuQLYtNvq+vTeGlwphcWf1ro9DtL//T7tVnmnazWdcV0AHnveUQgf0BQY/vtLwB6KjuJOtvV/3of/B1d9g==",
      "hasInstallScript": true,
      "license": "MIT",
      "bin": {
        "deno": "bin.cjs"
      },
      "optionalDependencies": {
        "@deno/darwin-arm64": "2.5.1",
        "@deno/darwin-x64": "2.5.1",
        "@deno/linux-arm64-glibc": "2.5.1",
        "@deno/linux-x64-glibc": "2.5.1",
        "@deno/win32-arm64": "2.5.1",
        "@deno/win32-x64": "2.5.1"
      }
    }
  }
}
